// !$*UTF8*$!
{
	archiveVersion = 1;
	classes = {
	};
	objectVersion = 50;
	objects = {

/* Begin PBXBuildFile section */
		37138E1A209EC765009B2FB0 /* Date+Additions.swift in Sources */ = {isa = PBXBuildFile; fileRef = 37138E19209EC765009B2FB0 /* Date+Additions.swift */; };
		37138E1C209EC9D6009B2FB0 /* MediaLinkCell.swift in Sources */ = {isa = PBXBuildFile; fileRef = 37138E1B209EC9D6009B2FB0 /* MediaLinkCell.swift */; };
		37138E1E209ECF49009B2FB0 /* FeedDisplayManager.swift in Sources */ = {isa = PBXBuildFile; fileRef = 37138E1D209ECF49009B2FB0 /* FeedDisplayManager.swift */; };
		37138E20209ED2F4009B2FB0 /* AlertPresentable.swift in Sources */ = {isa = PBXBuildFile; fileRef = 37138E1F209ED2F4009B2FB0 /* AlertPresentable.swift */; };
		37138E22209ED506009B2FB0 /* ReusableViewTrait.swift in Sources */ = {isa = PBXBuildFile; fileRef = 37138E21209ED506009B2FB0 /* ReusableViewTrait.swift */; };
		37138E25209EE3C9009B2FB0 /* ImageDownloader.swift in Sources */ = {isa = PBXBuildFile; fileRef = 37138E24209EE3C9009B2FB0 /* ImageDownloader.swift */; };
		37138E27209EF875009B2FB0 /* LayoutEstimationEngine.swift in Sources */ = {isa = PBXBuildFile; fileRef = 37138E26209EF875009B2FB0 /* LayoutEstimationEngine.swift */; };
		37138E2A209F09EA009B2FB0 /* ValidationService.swift in Sources */ = {isa = PBXBuildFile; fileRef = 37138E29209F09EA009B2FB0 /* ValidationService.swift */; };
		37138E2C209F30A3009B2FB0 /* FeedDisplayDelegate.swift in Sources */ = {isa = PBXBuildFile; fileRef = 37138E2B209F30A3009B2FB0 /* FeedDisplayDelegate.swift */; };
		37138E2E209F3241009B2FB0 /* FeedPaginator.swift in Sources */ = {isa = PBXBuildFile; fileRef = 37138E2D209F3241009B2FB0 /* FeedPaginator.swift */; };
		37138E30209F350F009B2FB0 /* LinksPage.swift in Sources */ = {isa = PBXBuildFile; fileRef = 37138E2F209F350F009B2FB0 /* LinksPage.swift */; };
		379D2CC2209D8D13003DBD08 /* AppDelegate.swift in Sources */ = {isa = PBXBuildFile; fileRef = 379D2CC1209D8D13003DBD08 /* AppDelegate.swift */; };
		379D2CC4209D8D13003DBD08 /* FeedViewController.swift in Sources */ = {isa = PBXBuildFile; fileRef = 379D2CC3209D8D13003DBD08 /* FeedViewController.swift */; };
		379D2CC7209D8D13003DBD08 /* Main.storyboard in Resources */ = {isa = PBXBuildFile; fileRef = 379D2CC5209D8D13003DBD08 /* Main.storyboard */; };
		379D2CC9209D8D14003DBD08 /* Assets.xcassets in Resources */ = {isa = PBXBuildFile; fileRef = 379D2CC8209D8D14003DBD08 /* Assets.xcassets */; };
		379D2CCC209D8D14003DBD08 /* LaunchScreen.storyboard in Resources */ = {isa = PBXBuildFile; fileRef = 379D2CCA209D8D14003DBD08 /* LaunchScreen.storyboard */; };
		379D2CDF209D9324003DBD08 /* LandingCoordinator.swift in Sources */ = {isa = PBXBuildFile; fileRef = 379D2CDE209D9324003DBD08 /* LandingCoordinator.swift */; };
		379D2CE1209D9341003DBD08 /* Coordinator.swift in Sources */ = {isa = PBXBuildFile; fileRef = 379D2CE0209D9341003DBD08 /* Coordinator.swift */; };
		379D2CE3209D94B7003DBD08 /* Navigator.swift in Sources */ = {isa = PBXBuildFile; fileRef = 379D2CE2209D94B7003DBD08 /* Navigator.swift */; };
		379D2CE5209D9532003DBD08 /* LandingNavigator.swift in Sources */ = {isa = PBXBuildFile; fileRef = 379D2CE4209D9532003DBD08 /* LandingNavigator.swift */; };
		379D2CE7209D970D003DBD08 /* FeedViewInputOutput.swift in Sources */ = {isa = PBXBuildFile; fileRef = 379D2CE6209D970D003DBD08 /* FeedViewInputOutput.swift */; };
		379D2CE9209D98D6003DBD08 /* FeedPresenter.swift in Sources */ = {isa = PBXBuildFile; fileRef = 379D2CE8209D98D6003DBD08 /* FeedPresenter.swift */; };
		379D2CED209D9A19003DBD08 /* ViewControllerFactory.swift in Sources */ = {isa = PBXBuildFile; fileRef = 379D2CEC209D9A19003DBD08 /* ViewControllerFactory.swift */; };
		379D2CEF209D9B10003DBD08 /* StoryboardLoader.swift in Sources */ = {isa = PBXBuildFile; fileRef = 379D2CEE209D9B10003DBD08 /* StoryboardLoader.swift */; };
		379D2D10209DC95C003DBD08 /* Commons.swift in Sources */ = {isa = PBXBuildFile; fileRef = 379D2D00209DC95C003DBD08 /* Commons.swift */; };
		379D2D11209DC95C003DBD08 /* ServerConfig.swift in Sources */ = {isa = PBXBuildFile; fileRef = 379D2D02209DC95C003DBD08 /* ServerConfig.swift */; };
		379D2D12209DC95C003DBD08 /* ServerResponse.swift in Sources */ = {isa = PBXBuildFile; fileRef = 379D2D04209DC95C003DBD08 /* ServerResponse.swift */; };
		379D2D13209DC95C003DBD08 /* LinkResponseItem.swift in Sources */ = {isa = PBXBuildFile; fileRef = 379D2D06209DC95C003DBD08 /* LinkResponseItem.swift */; };
		379D2D14209DC95C003DBD08 /* NetworkServiceProtocol.swift in Sources */ = {isa = PBXBuildFile; fileRef = 379D2D08209DC95C003DBD08 /* NetworkServiceProtocol.swift */; };
		379D2D15209DC95C003DBD08 /* NetworkService.swift in Sources */ = {isa = PBXBuildFile; fileRef = 379D2D09209DC95C003DBD08 /* NetworkService.swift */; };
		379D2D16209DC95C003DBD08 /* RequestProtocol.swift in Sources */ = {isa = PBXBuildFile; fileRef = 379D2D0B209DC95C003DBD08 /* RequestProtocol.swift */; };
		379D2D17209DC95C003DBD08 /* Request.swift in Sources */ = {isa = PBXBuildFile; fileRef = 379D2D0C209DC95C003DBD08 /* Request.swift */; };
		379D2D18209DC95C003DBD08 /* NetworkClient.swift in Sources */ = {isa = PBXBuildFile; fileRef = 379D2D0E209DC95C003DBD08 /* NetworkClient.swift */; };
		379D2D19209DC95C003DBD08 /* NetworkError.swift in Sources */ = {isa = PBXBuildFile; fileRef = 379D2D0F209DC95C003DBD08 /* NetworkError.swift */; };
		379D2D1D209DCD68003DBD08 /* ApplicationService.swift in Sources */ = {isa = PBXBuildFile; fileRef = 379D2D1C209DCD68003DBD08 /* ApplicationService.swift */; };
		379D2D21209DCEAA003DBD08 /* Globas Aliases.swift in Sources */ = {isa = PBXBuildFile; fileRef = 379D2D20209DCEAA003DBD08 /* Globas Aliases.swift */; };
		379D2D24209DCFDC003DBD08 /* String+Additions.swift in Sources */ = {isa = PBXBuildFile; fileRef = 379D2D23209DCFDC003DBD08 /* String+Additions.swift */; };
		379D2D26209DD02D003DBD08 /* Dictionary+Additions.swift in Sources */ = {isa = PBXBuildFile; fileRef = 379D2D25209DD02D003DBD08 /* Dictionary+Additions.swift */; };
		379D2D29209DD203003DBD08 /* FeedService.swift in Sources */ = {isa = PBXBuildFile; fileRef = 379D2D28209DD203003DBD08 /* FeedService.swift */; };
		379D2D2D209DD356003DBD08 /* FeedViewModel.swift in Sources */ = {isa = PBXBuildFile; fileRef = 379D2D2C209DD356003DBD08 /* FeedViewModel.swift */; };
		379D2D30209DD526003DBD08 /* LinksRequestParameters.swift in Sources */ = {isa = PBXBuildFile; fileRef = 379D2D2F209DD526003DBD08 /* LinksRequestParameters.swift */; };
		379D2D33209DD57E003DBD08 /* JSONSerializable.swift in Sources */ = {isa = PBXBuildFile; fileRef = 379D2D32209DD57E003DBD08 /* JSONSerializable.swift */; };
		379D2D36209E01C9003DBD08 /* TextLinkCell.swift in Sources */ = {isa = PBXBuildFile; fileRef = 379D2D35209E01C9003DBD08 /* TextLinkCell.swift */; };
		379D2D39209E02BA003DBD08 /* Colors.swift in Sources */ = {isa = PBXBuildFile; fileRef = 379D2D38209E02BA003DBD08 /* Colors.swift */; };
		379D2D3B209E0386003DBD08 /* Fonts.swift in Sources */ = {isa = PBXBuildFile; fileRef = 379D2D3A209E0386003DBD08 /* Fonts.swift */; };
		379D2D3F209E0451003DBD08 /* UILabel+Additions.swift in Sources */ = {isa = PBXBuildFile; fileRef = 379D2D3E209E0451003DBD08 /* UILabel+Additions.swift */; };
/* End PBXBuildFile section */

/* Begin PBXFileReference section */
		37138E19209EC765009B2FB0 /* Date+Additions.swift */ = {isa = PBXFileReference; lastKnownFileType = sourcecode.swift; path = "Date+Additions.swift"; sourceTree = "<group>"; };
		37138E1B209EC9D6009B2FB0 /* MediaLinkCell.swift */ = {isa = PBXFileReference; lastKnownFileType = sourcecode.swift; path = MediaLinkCell.swift; sourceTree = "<group>"; };
		37138E1D209ECF49009B2FB0 /* FeedDisplayManager.swift */ = {isa = PBXFileReference; lastKnownFileType = sourcecode.swift; path = FeedDisplayManager.swift; sourceTree = "<group>"; };
		37138E1F209ED2F4009B2FB0 /* AlertPresentable.swift */ = {isa = PBXFileReference; lastKnownFileType = sourcecode.swift; path = AlertPresentable.swift; sourceTree = "<group>"; };
		37138E21209ED506009B2FB0 /* ReusableViewTrait.swift */ = {isa = PBXFileReference; lastKnownFileType = sourcecode.swift; path = ReusableViewTrait.swift; sourceTree = "<group>"; };
		37138E24209EE3C9009B2FB0 /* ImageDownloader.swift */ = {isa = PBXFileReference; lastKnownFileType = sourcecode.swift; path = ImageDownloader.swift; sourceTree = "<group>"; };
		37138E26209EF875009B2FB0 /* LayoutEstimationEngine.swift */ = {isa = PBXFileReference; lastKnownFileType = sourcecode.swift; path = LayoutEstimationEngine.swift; sourceTree = "<group>"; };
		37138E29209F09EA009B2FB0 /* ValidationService.swift */ = {isa = PBXFileReference; lastKnownFileType = sourcecode.swift; path = ValidationService.swift; sourceTree = "<group>"; };
		37138E2B209F30A3009B2FB0 /* FeedDisplayDelegate.swift */ = {isa = PBXFileReference; lastKnownFileType = sourcecode.swift; path = FeedDisplayDelegate.swift; sourceTree = "<group>"; };
		37138E2D209F3241009B2FB0 /* FeedPaginator.swift */ = {isa = PBXFileReference; lastKnownFileType = sourcecode.swift; path = FeedPaginator.swift; sourceTree = "<group>"; };
		37138E2F209F350F009B2FB0 /* LinksPage.swift */ = {isa = PBXFileReference; lastKnownFileType = sourcecode.swift; path = LinksPage.swift; sourceTree = "<group>"; };
		379D2CBE209D8D13003DBD08 /* Memesgram.app */ = {isa = PBXFileReference; explicitFileType = wrapper.application; includeInIndex = 0; path = Memesgram.app; sourceTree = BUILT_PRODUCTS_DIR; };
		379D2CC1209D8D13003DBD08 /* AppDelegate.swift */ = {isa = PBXFileReference; lastKnownFileType = sourcecode.swift; path = AppDelegate.swift; sourceTree = "<group>"; };
		379D2CC3209D8D13003DBD08 /* FeedViewController.swift */ = {isa = PBXFileReference; lastKnownFileType = sourcecode.swift; path = FeedViewController.swift; sourceTree = "<group>"; };
		379D2CC6209D8D13003DBD08 /* Base */ = {isa = PBXFileReference; lastKnownFileType = file.storyboard; name = Base; path = Base.lproj/Main.storyboard; sourceTree = "<group>"; };
		379D2CC8209D8D14003DBD08 /* Assets.xcassets */ = {isa = PBXFileReference; lastKnownFileType = folder.assetcatalog; path = Assets.xcassets; sourceTree = "<group>"; };
		379D2CCB209D8D14003DBD08 /* Base */ = {isa = PBXFileReference; lastKnownFileType = file.storyboard; name = Base; path = Base.lproj/LaunchScreen.storyboard; sourceTree = "<group>"; };
		379D2CCD209D8D14003DBD08 /* Info.plist */ = {isa = PBXFileReference; lastKnownFileType = text.plist.xml; path = Info.plist; sourceTree = "<group>"; };
		379D2CDE209D9324003DBD08 /* LandingCoordinator.swift */ = {isa = PBXFileReference; lastKnownFileType = sourcecode.swift; path = LandingCoordinator.swift; sourceTree = "<group>"; };
		379D2CE0209D9341003DBD08 /* Coordinator.swift */ = {isa = PBXFileReference; lastKnownFileType = sourcecode.swift; path = Coordinator.swift; sourceTree = "<group>"; };
		379D2CE2209D94B7003DBD08 /* Navigator.swift */ = {isa = PBXFileReference; lastKnownFileType = sourcecode.swift; path = Navigator.swift; sourceTree = "<group>"; };
		379D2CE4209D9532003DBD08 /* LandingNavigator.swift */ = {isa = PBXFileReference; lastKnownFileType = sourcecode.swift; path = LandingNavigator.swift; sourceTree = "<group>"; };
		379D2CE6209D970D003DBD08 /* FeedViewInputOutput.swift */ = {isa = PBXFileReference; lastKnownFileType = sourcecode.swift; path = FeedViewInputOutput.swift; sourceTree = "<group>"; };
		379D2CE8209D98D6003DBD08 /* FeedPresenter.swift */ = {isa = PBXFileReference; lastKnownFileType = sourcecode.swift; path = FeedPresenter.swift; sourceTree = "<group>"; };
		379D2CEC209D9A19003DBD08 /* ViewControllerFactory.swift */ = {isa = PBXFileReference; lastKnownFileType = sourcecode.swift; path = ViewControllerFactory.swift; sourceTree = "<group>"; };
		379D2CEE209D9B10003DBD08 /* StoryboardLoader.swift */ = {isa = PBXFileReference; lastKnownFileType = sourcecode.swift; path = StoryboardLoader.swift; sourceTree = "<group>"; };
		379D2D00209DC95C003DBD08 /* Commons.swift */ = {isa = PBXFileReference; fileEncoding = 4; lastKnownFileType = sourcecode.swift; path = Commons.swift; sourceTree = "<group>"; };
		379D2D02209DC95C003DBD08 /* ServerConfig.swift */ = {isa = PBXFileReference; fileEncoding = 4; lastKnownFileType = sourcecode.swift; path = ServerConfig.swift; sourceTree = "<group>"; };
		379D2D04209DC95C003DBD08 /* ServerResponse.swift */ = {isa = PBXFileReference; fileEncoding = 4; lastKnownFileType = sourcecode.swift; path = ServerResponse.swift; sourceTree = "<group>"; };
		379D2D06209DC95C003DBD08 /* LinkResponseItem.swift */ = {isa = PBXFileReference; fileEncoding = 4; lastKnownFileType = sourcecode.swift; path = LinkResponseItem.swift; sourceTree = "<group>"; };
		379D2D08209DC95C003DBD08 /* NetworkServiceProtocol.swift */ = {isa = PBXFileReference; fileEncoding = 4; lastKnownFileType = sourcecode.swift; path = NetworkServiceProtocol.swift; sourceTree = "<group>"; };
		379D2D09209DC95C003DBD08 /* NetworkService.swift */ = {isa = PBXFileReference; fileEncoding = 4; lastKnownFileType = sourcecode.swift; path = NetworkService.swift; sourceTree = "<group>"; };
		379D2D0B209DC95C003DBD08 /* RequestProtocol.swift */ = {isa = PBXFileReference; fileEncoding = 4; lastKnownFileType = sourcecode.swift; path = RequestProtocol.swift; sourceTree = "<group>"; };
		379D2D0C209DC95C003DBD08 /* Request.swift */ = {isa = PBXFileReference; fileEncoding = 4; lastKnownFileType = sourcecode.swift; path = Request.swift; sourceTree = "<group>"; };
		379D2D0E209DC95C003DBD08 /* NetworkClient.swift */ = {isa = PBXFileReference; fileEncoding = 4; lastKnownFileType = sourcecode.swift; path = NetworkClient.swift; sourceTree = "<group>"; };
		379D2D0F209DC95C003DBD08 /* NetworkError.swift */ = {isa = PBXFileReference; fileEncoding = 4; lastKnownFileType = sourcecode.swift; path = NetworkError.swift; sourceTree = "<group>"; };
		379D2D1C209DCD68003DBD08 /* ApplicationService.swift */ = {isa = PBXFileReference; lastKnownFileType = sourcecode.swift; path = ApplicationService.swift; sourceTree = "<group>"; };
		379D2D20209DCEAA003DBD08 /* Globas Aliases.swift */ = {isa = PBXFileReference; lastKnownFileType = sourcecode.swift; path = "Globas Aliases.swift"; sourceTree = "<group>"; };
		379D2D23209DCFDC003DBD08 /* String+Additions.swift */ = {isa = PBXFileReference; lastKnownFileType = sourcecode.swift; path = "String+Additions.swift"; sourceTree = "<group>"; };
		379D2D25209DD02D003DBD08 /* Dictionary+Additions.swift */ = {isa = PBXFileReference; lastKnownFileType = sourcecode.swift; path = "Dictionary+Additions.swift"; sourceTree = "<group>"; };
		379D2D28209DD203003DBD08 /* FeedService.swift */ = {isa = PBXFileReference; lastKnownFileType = sourcecode.swift; path = FeedService.swift; sourceTree = "<group>"; };
		379D2D2C209DD356003DBD08 /* FeedViewModel.swift */ = {isa = PBXFileReference; lastKnownFileType = sourcecode.swift; path = FeedViewModel.swift; sourceTree = "<group>"; };
		379D2D2F209DD526003DBD08 /* LinksRequestParameters.swift */ = {isa = PBXFileReference; lastKnownFileType = sourcecode.swift; path = LinksRequestParameters.swift; sourceTree = "<group>"; };
		379D2D32209DD57E003DBD08 /* JSONSerializable.swift */ = {isa = PBXFileReference; lastKnownFileType = sourcecode.swift; path = JSONSerializable.swift; sourceTree = "<group>"; };
		379D2D35209E01C9003DBD08 /* TextLinkCell.swift */ = {isa = PBXFileReference; lastKnownFileType = sourcecode.swift; path = TextLinkCell.swift; sourceTree = "<group>"; };
		379D2D38209E02BA003DBD08 /* Colors.swift */ = {isa = PBXFileReference; lastKnownFileType = sourcecode.swift; path = Colors.swift; sourceTree = "<group>"; };
		379D2D3A209E0386003DBD08 /* Fonts.swift */ = {isa = PBXFileReference; lastKnownFileType = sourcecode.swift; path = Fonts.swift; sourceTree = "<group>"; };
		379D2D3E209E0451003DBD08 /* UILabel+Additions.swift */ = {isa = PBXFileReference; lastKnownFileType = sourcecode.swift; path = "UILabel+Additions.swift"; sourceTree = "<group>"; };
/* End PBXFileReference section */

/* Begin PBXFrameworksBuildPhase section */
		379D2CBB209D8D13003DBD08 /* Frameworks */ = {
			isa = PBXFrameworksBuildPhase;
			buildActionMask = 2147483647;
			files = (
			);
			runOnlyForDeploymentPostprocessing = 0;
		};
/* End PBXFrameworksBuildPhase section */

/* Begin PBXGroup section */
		37138E23209EE3A7009B2FB0 /* ImageDownloader */ = {
			isa = PBXGroup;
			children = (
				37138E24209EE3C9009B2FB0 /* ImageDownloader.swift */,
			);
			path = ImageDownloader;
			sourceTree = "<group>";
		};
		37138E28209F09CE009B2FB0 /* ValidationService */ = {
			isa = PBXGroup;
			children = (
				37138E29209F09EA009B2FB0 /* ValidationService.swift */,
			);
			path = ValidationService;
			sourceTree = "<group>";
		};
		379D2CB5209D8D13003DBD08 = {
			isa = PBXGroup;
			children = (
				379D2CC0209D8D13003DBD08 /* Memesgram */,
				379D2CBF209D8D13003DBD08 /* Products */,
			);
			sourceTree = "<group>";
		};
		379D2CBF209D8D13003DBD08 /* Products */ = {
			isa = PBXGroup;
			children = (
				379D2CBE209D8D13003DBD08 /* Memesgram.app */,
			);
			name = Products;
			sourceTree = "<group>";
		};
		379D2CC0209D8D13003DBD08 /* Memesgram */ = {
			isa = PBXGroup;
			children = (
				379D2CD3209D8F72003DBD08 /* Resources */,
				379D2CD5209D8F87003DBD08 /* Application Layer */,
				379D2CD6209D8FBB003DBD08 /* Presentation Layer */,
				379D2CD7209D8FD2003DBD08 /* Core Layer */,
			);
			path = Memesgram;
			sourceTree = "<group>";
		};
		379D2CD3209D8F72003DBD08 /* Resources */ = {
			isa = PBXGroup;
			children = (
				379D2CC8209D8D14003DBD08 /* Assets.xcassets */,
			);
			path = Resources;
			sourceTree = "<group>";
		};
		379D2CD5209D8F87003DBD08 /* Application Layer */ = {
			isa = PBXGroup;
			children = (
				379D2CC1209D8D13003DBD08 /* AppDelegate.swift */,
				379D2CCD209D8D14003DBD08 /* Info.plist */,
			);
			path = "Application Layer";
			sourceTree = "<group>";
		};
		379D2CD6209D8FBB003DBD08 /* Presentation Layer */ = {
			isa = PBXGroup;
			children = (
				379D2CEA209D9969003DBD08 /* Presentation Common Group */,
				379D2CD8209D8FF2003DBD08 /* FeedModule */,
			);
			path = "Presentation Layer";
			sourceTree = "<group>";
		};
		379D2CD7209D8FD2003DBD08 /* Core Layer */ = {
			isa = PBXGroup;
			children = (
				379D2D1A209DCD40003DBD08 /* Services Group */,
				379D2CFF209DC95C003DBD08 /* Network Layer */,
				379D2D37209E028E003DBD08 /* Styleguide */,
				379D2D31209DD561003DBD08 /* Protocols */,
				379D2D22209DCFBC003DBD08 /* Extensions */,
				379D2D1F209DCE95003DBD08 /* Utils */,
			);
			path = "Core Layer";
			sourceTree = "<group>";
		};
		379D2CD8209D8FF2003DBD08 /* FeedModule */ = {
			isa = PBXGroup;
			children = (
				379D2CD9209D9002003DBD08 /* View */,
				379D2CDA209D9007003DBD08 /* Presenter */,
				379D2D2A209DD31A003DBD08 /* Feed Common */,
			);
			path = FeedModule;
			sourceTree = "<group>";
		};
		379D2CD9209D9002003DBD08 /* View */ = {
			isa = PBXGroup;
			children = (
				379D2CC3209D8D13003DBD08 /* FeedViewController.swift */,
				379D2CE6209D970D003DBD08 /* FeedViewInputOutput.swift */,
				37138E1D209ECF49009B2FB0 /* FeedDisplayManager.swift */,
				37138E2B209F30A3009B2FB0 /* FeedDisplayDelegate.swift */,
			);
			path = View;
			sourceTree = "<group>";
		};
		379D2CDA209D9007003DBD08 /* Presenter */ = {
			isa = PBXGroup;
			children = (
				379D2CE8209D98D6003DBD08 /* FeedPresenter.swift */,
				37138E2D209F3241009B2FB0 /* FeedPaginator.swift */,
			);
			path = Presenter;
			sourceTree = "<group>";
		};
		379D2CDB209D9069003DBD08 /* Storyboards */ = {
			isa = PBXGroup;
			children = (
				379D2CC5209D8D13003DBD08 /* Main.storyboard */,
				379D2CCA209D8D14003DBD08 /* LaunchScreen.storyboard */,
			);
			path = Storyboards;
			sourceTree = "<group>";
		};
		379D2CDC209D92FB003DBD08 /* Coordinators Group */ = {
			isa = PBXGroup;
			children = (
				379D2CE0209D9341003DBD08 /* Coordinator.swift */,
				379D2CE2209D94B7003DBD08 /* Navigator.swift */,
				379D2CDD209D930D003DBD08 /* LandingCoordinator */,
			);
			path = "Coordinators Group";
			sourceTree = "<group>";
		};
		379D2CDD209D930D003DBD08 /* LandingCoordinator */ = {
			isa = PBXGroup;
			children = (
				379D2CDE209D9324003DBD08 /* LandingCoordinator.swift */,
				379D2CE4209D9532003DBD08 /* LandingNavigator.swift */,
			);
			path = LandingCoordinator;
			sourceTree = "<group>";
		};
		379D2CEA209D9969003DBD08 /* Presentation Common Group */ = {
			isa = PBXGroup;
			children = (
				379D2CDB209D9069003DBD08 /* Storyboards */,
				379D2CDC209D92FB003DBD08 /* Coordinators Group */,
				379D2CEB209D99A7003DBD08 /* Controllers Initialization Group */,
			);
			path = "Presentation Common Group";
			sourceTree = "<group>";
		};
		379D2CEB209D99A7003DBD08 /* Controllers Initialization Group */ = {
			isa = PBXGroup;
			children = (
				379D2CEC209D9A19003DBD08 /* ViewControllerFactory.swift */,
				379D2CEE209D9B10003DBD08 /* StoryboardLoader.swift */,
			);
			path = "Controllers Initialization Group";
			sourceTree = "<group>";
		};
		379D2CFF209DC95C003DBD08 /* Network Layer */ = {
			isa = PBXGroup;
			children = (
				379D2D00209DC95C003DBD08 /* Commons.swift */,
				379D2D01209DC95C003DBD08 /* ServerConfig */,
				379D2D03209DC95C003DBD08 /* Resposnse */,
				379D2D07209DC95C003DBD08 /* NetworkService */,
				379D2D0A209DC95C003DBD08 /* Request */,
				379D2D0D209DC95C003DBD08 /* NetworkClient */,
				379D2D0F209DC95C003DBD08 /* NetworkError.swift */,
			);
			path = "Network Layer";
			sourceTree = "<group>";
		};
		379D2D01209DC95C003DBD08 /* ServerConfig */ = {
			isa = PBXGroup;
			children = (
				379D2D02209DC95C003DBD08 /* ServerConfig.swift */,
			);
			path = ServerConfig;
			sourceTree = "<group>";
		};
		379D2D03209DC95C003DBD08 /* Resposnse */ = {
			isa = PBXGroup;
			children = (
				379D2D04209DC95C003DBD08 /* ServerResponse.swift */,
				379D2D05209DC95C003DBD08 /* ResponseItems */,
			);
			path = Resposnse;
			sourceTree = "<group>";
		};
		379D2D05209DC95C003DBD08 /* ResponseItems */ = {
			isa = PBXGroup;
			children = (
				379D2D06209DC95C003DBD08 /* LinkResponseItem.swift */,
			);
			path = ResponseItems;
			sourceTree = "<group>";
		};
		379D2D07209DC95C003DBD08 /* NetworkService */ = {
			isa = PBXGroup;
			children = (
				379D2D08209DC95C003DBD08 /* NetworkServiceProtocol.swift */,
				379D2D09209DC95C003DBD08 /* NetworkService.swift */,
			);
			path = NetworkService;
			sourceTree = "<group>";
		};
		379D2D0A209DC95C003DBD08 /* Request */ = {
			isa = PBXGroup;
			children = (
				379D2D0B209DC95C003DBD08 /* RequestProtocol.swift */,
				379D2D0C209DC95C003DBD08 /* Request.swift */,
			);
			path = Request;
			sourceTree = "<group>";
		};
		379D2D0D209DC95C003DBD08 /* NetworkClient */ = {
			isa = PBXGroup;
			children = (
				379D2D0E209DC95C003DBD08 /* NetworkClient.swift */,
			);
			path = NetworkClient;
			sourceTree = "<group>";
		};
		379D2D1A209DCD40003DBD08 /* Services Group */ = {
			isa = PBXGroup;
			children = (
				37138E28209F09CE009B2FB0 /* ValidationService */,
				37138E23209EE3A7009B2FB0 /* ImageDownloader */,
				379D2D27209DD1EB003DBD08 /* LinkService */,
				379D2D1B209DCD4F003DBD08 /* ApplicationService */,
			);
			path = "Services Group";
			sourceTree = "<group>";
		};
		379D2D1B209DCD4F003DBD08 /* ApplicationService */ = {
			isa = PBXGroup;
			children = (
				379D2D1C209DCD68003DBD08 /* ApplicationService.swift */,
			);
			path = ApplicationService;
			sourceTree = "<group>";
		};
		379D2D1F209DCE95003DBD08 /* Utils */ = {
			isa = PBXGroup;
			children = (
				379D2D20209DCEAA003DBD08 /* Globas Aliases.swift */,
			);
			path = Utils;
			sourceTree = "<group>";
		};
		379D2D22209DCFBC003DBD08 /* Extensions */ = {
			isa = PBXGroup;
			children = (
				379D2D23209DCFDC003DBD08 /* String+Additions.swift */,
				379D2D25209DD02D003DBD08 /* Dictionary+Additions.swift */,
				379D2D3E209E0451003DBD08 /* UILabel+Additions.swift */,
				37138E19209EC765009B2FB0 /* Date+Additions.swift */,
			);
			path = Extensions;
			sourceTree = "<group>";
		};
		379D2D27209DD1EB003DBD08 /* LinkService */ = {
			isa = PBXGroup;
			children = (
				379D2D28209DD203003DBD08 /* FeedService.swift */,
				37138E2F209F350F009B2FB0 /* LinksPage.swift */,
				379D2D2E209DD4F5003DBD08 /* Request Models */,
			);
			path = LinkService;
			sourceTree = "<group>";
		};
		379D2D2A209DD31A003DBD08 /* Feed Common */ = {
			isa = PBXGroup;
			children = (
				379D2D34209E018C003DBD08 /* Feed Cells */,
				379D2D2B209DD345003DBD08 /* FeedViewModel */,
			);
			path = "Feed Common";
			sourceTree = "<group>";
		};
		379D2D2B209DD345003DBD08 /* FeedViewModel */ = {
			isa = PBXGroup;
			children = (
				379D2D2C209DD356003DBD08 /* FeedViewModel.swift */,
			);
			path = FeedViewModel;
			sourceTree = "<group>";
		};
		379D2D2E209DD4F5003DBD08 /* Request Models */ = {
			isa = PBXGroup;
			children = (
				379D2D2F209DD526003DBD08 /* LinksRequestParameters.swift */,
			);
			path = "Request Models";
			sourceTree = "<group>";
		};
		379D2D31209DD561003DBD08 /* Protocols */ = {
			isa = PBXGroup;
			children = (
				379D2D32209DD57E003DBD08 /* JSONSerializable.swift */,
				37138E1F209ED2F4009B2FB0 /* AlertPresentable.swift */,
				37138E21209ED506009B2FB0 /* ReusableViewTrait.swift */,
			);
			path = Protocols;
			sourceTree = "<group>";
		};
		379D2D34209E018C003DBD08 /* Feed Cells */ = {
			isa = PBXGroup;
			children = (
				379D2D35209E01C9003DBD08 /* TextLinkCell.swift */,
				37138E1B209EC9D6009B2FB0 /* MediaLinkCell.swift */,
				37138E26209EF875009B2FB0 /* LayoutEstimationEngine.swift */,
			);
			path = "Feed Cells";
			sourceTree = "<group>";
		};
		379D2D37209E028E003DBD08 /* Styleguide */ = {
			isa = PBXGroup;
			children = (
				379D2D38209E02BA003DBD08 /* Colors.swift */,
				379D2D3A209E0386003DBD08 /* Fonts.swift */,
			);
			path = Styleguide;
			sourceTree = "<group>";
		};
/* End PBXGroup section */

/* Begin PBXNativeTarget section */
		379D2CBD209D8D13003DBD08 /* Memesgram */ = {
			isa = PBXNativeTarget;
			buildConfigurationList = 379D2CD0209D8D14003DBD08 /* Build configuration list for PBXNativeTarget "Memesgram" */;
			buildPhases = (
				379D2CBA209D8D13003DBD08 /* Sources */,
				379D2CBB209D8D13003DBD08 /* Frameworks */,
				379D2CBC209D8D13003DBD08 /* Resources */,
			);
			buildRules = (
			);
			dependencies = (
			);
			name = Memesgram;
			productName = Memesgram;
			productReference = 379D2CBE209D8D13003DBD08 /* Memesgram.app */;
			productType = "com.apple.product-type.application";
		};
/* End PBXNativeTarget section */

/* Begin PBXProject section */
		379D2CB6209D8D13003DBD08 /* Project object */ = {
			isa = PBXProject;
			attributes = {
				LastSwiftUpdateCheck = 0930;
				LastUpgradeCheck = 0930;
				ORGANIZATIONNAME = "Igor Savynskyi";
				TargetAttributes = {
					379D2CBD209D8D13003DBD08 = {
						CreatedOnToolsVersion = 9.3;
					};
				};
			};
			buildConfigurationList = 379D2CB9209D8D13003DBD08 /* Build configuration list for PBXProject "Memesgram" */;
			compatibilityVersion = "Xcode 9.3";
			developmentRegion = en;
			hasScannedForEncodings = 0;
			knownRegions = (
				en,
				Base,
			);
			mainGroup = 379D2CB5209D8D13003DBD08;
			productRefGroup = 379D2CBF209D8D13003DBD08 /* Products */;
			projectDirPath = "";
			projectRoot = "";
			targets = (
				379D2CBD209D8D13003DBD08 /* Memesgram */,
			);
		};
/* End PBXProject section */

/* Begin PBXResourcesBuildPhase section */
		379D2CBC209D8D13003DBD08 /* Resources */ = {
			isa = PBXResourcesBuildPhase;
			buildActionMask = 2147483647;
			files = (
				379D2CCC209D8D14003DBD08 /* LaunchScreen.storyboard in Resources */,
				379D2CC9209D8D14003DBD08 /* Assets.xcassets in Resources */,
				379D2CC7209D8D13003DBD08 /* Main.storyboard in Resources */,
			);
			runOnlyForDeploymentPostprocessing = 0;
		};
/* End PBXResourcesBuildPhase section */

/* Begin PBXSourcesBuildPhase section */
		379D2CBA209D8D13003DBD08 /* Sources */ = {
			isa = PBXSourcesBuildPhase;
			buildActionMask = 2147483647;
			files = (
				379D2D18209DC95C003DBD08 /* NetworkClient.swift in Sources */,
				37138E22209ED506009B2FB0 /* ReusableViewTrait.swift in Sources */,
				379D2D39209E02BA003DBD08 /* Colors.swift in Sources */,
				379D2CE7209D970D003DBD08 /* FeedViewInputOutput.swift in Sources */,
				379D2D33209DD57E003DBD08 /* JSONSerializable.swift in Sources */,
				379D2CC4209D8D13003DBD08 /* FeedViewController.swift in Sources */,
				37138E2A209F09EA009B2FB0 /* ValidationService.swift in Sources */,
				379D2D21209DCEAA003DBD08 /* Globas Aliases.swift in Sources */,
				37138E1C209EC9D6009B2FB0 /* MediaLinkCell.swift in Sources */,
				37138E30209F350F009B2FB0 /* LinksPage.swift in Sources */,
				37138E25209EE3C9009B2FB0 /* ImageDownloader.swift in Sources */,
				379D2CE9209D98D6003DBD08 /* FeedPresenter.swift in Sources */,
				379D2D12209DC95C003DBD08 /* ServerResponse.swift in Sources */,
				379D2CED209D9A19003DBD08 /* ViewControllerFactory.swift in Sources */,
				37138E20209ED2F4009B2FB0 /* AlertPresentable.swift in Sources */,
				379D2D36209E01C9003DBD08 /* TextLinkCell.swift in Sources */,
				379D2CE3209D94B7003DBD08 /* Navigator.swift in Sources */,
				379D2CEF209D9B10003DBD08 /* StoryboardLoader.swift in Sources */,
				379D2D17209DC95C003DBD08 /* Request.swift in Sources */,
				379D2D19209DC95C003DBD08 /* NetworkError.swift in Sources */,
				379D2D1D209DCD68003DBD08 /* ApplicationService.swift in Sources */,
				379D2D2D209DD356003DBD08 /* FeedViewModel.swift in Sources */,
				379D2CC2209D8D13003DBD08 /* AppDelegate.swift in Sources */,
				379D2CE1209D9341003DBD08 /* Coordinator.swift in Sources */,
				379D2CDF209D9324003DBD08 /* LandingCoordinator.swift in Sources */,
				379D2D24209DCFDC003DBD08 /* String+Additions.swift in Sources */,
				379D2D15209DC95C003DBD08 /* NetworkService.swift in Sources */,
				37138E1A209EC765009B2FB0 /* Date+Additions.swift in Sources */,
				379D2D10209DC95C003DBD08 /* Commons.swift in Sources */,
				379D2D13209DC95C003DBD08 /* LinkResponseItem.swift in Sources */,
				379D2D11209DC95C003DBD08 /* ServerConfig.swift in Sources */,
				37138E27209EF875009B2FB0 /* LayoutEstimationEngine.swift in Sources */,
				37138E2E209F3241009B2FB0 /* FeedPaginator.swift in Sources */,
				37138E2C209F30A3009B2FB0 /* FeedDisplayDelegate.swift in Sources */,
				379D2D3B209E0386003DBD08 /* Fonts.swift in Sources */,
				379D2CE5209D9532003DBD08 /* LandingNavigator.swift in Sources */,
				379D2D3F209E0451003DBD08 /* UILabel+Additions.swift in Sources */,
				379D2D30209DD526003DBD08 /* LinksRequestParameters.swift in Sources */,
				379D2D26209DD02D003DBD08 /* Dictionary+Additions.swift in Sources */,
				379D2D29209DD203003DBD08 /* FeedService.swift in Sources */,
				379D2D16209DC95C003DBD08 /* RequestProtocol.swift in Sources */,
				379D2D14209DC95C003DBD08 /* NetworkServiceProtocol.swift in Sources */,
				37138E1E209ECF49009B2FB0 /* FeedDisplayManager.swift in Sources */,
			);
			runOnlyForDeploymentPostprocessing = 0;
		};
/* End PBXSourcesBuildPhase section */

/* Begin PBXVariantGroup section */
		379D2CC5209D8D13003DBD08 /* Main.storyboard */ = {
			isa = PBXVariantGroup;
			children = (
				379D2CC6209D8D13003DBD08 /* Base */,
			);
			name = Main.storyboard;
			sourceTree = "<group>";
		};
		379D2CCA209D8D14003DBD08 /* LaunchScreen.storyboard */ = {
			isa = PBXVariantGroup;
			children = (
				379D2CCB209D8D14003DBD08 /* Base */,
			);
			name = LaunchScreen.storyboard;
			sourceTree = "<group>";
		};
/* End PBXVariantGroup section */

/* Begin XCBuildConfiguration section */
		379D2CCE209D8D14003DBD08 /* Debug */ = {
			isa = XCBuildConfiguration;
			buildSettings = {
				ALWAYS_SEARCH_USER_PATHS = NO;
				CLANG_ANALYZER_NONNULL = YES;
				CLANG_ANALYZER_NUMBER_OBJECT_CONVERSION = YES_AGGRESSIVE;
				CLANG_CXX_LANGUAGE_STANDARD = "gnu++14";
				CLANG_CXX_LIBRARY = "libc++";
				CLANG_ENABLE_MODULES = YES;
				CLANG_ENABLE_OBJC_ARC = YES;
				CLANG_ENABLE_OBJC_WEAK = YES;
				CLANG_WARN_BLOCK_CAPTURE_AUTORELEASING = YES;
				CLANG_WARN_BOOL_CONVERSION = YES;
				CLANG_WARN_COMMA = YES;
				CLANG_WARN_CONSTANT_CONVERSION = YES;
				CLANG_WARN_DEPRECATED_OBJC_IMPLEMENTATIONS = YES;
				CLANG_WARN_DIRECT_OBJC_ISA_USAGE = YES_ERROR;
				CLANG_WARN_DOCUMENTATION_COMMENTS = YES;
				CLANG_WARN_EMPTY_BODY = YES;
				CLANG_WARN_ENUM_CONVERSION = YES;
				CLANG_WARN_INFINITE_RECURSION = YES;
				CLANG_WARN_INT_CONVERSION = YES;
				CLANG_WARN_NON_LITERAL_NULL_CONVERSION = YES;
				CLANG_WARN_OBJC_IMPLICIT_RETAIN_SELF = YES;
				CLANG_WARN_OBJC_LITERAL_CONVERSION = YES;
				CLANG_WARN_OBJC_ROOT_CLASS = YES_ERROR;
				CLANG_WARN_RANGE_LOOP_ANALYSIS = YES;
				CLANG_WARN_STRICT_PROTOTYPES = YES;
				CLANG_WARN_SUSPICIOUS_MOVE = YES;
				CLANG_WARN_UNGUARDED_AVAILABILITY = YES_AGGRESSIVE;
				CLANG_WARN_UNREACHABLE_CODE = YES;
				CLANG_WARN__DUPLICATE_METHOD_MATCH = YES;
				CODE_SIGN_IDENTITY = "iPhone Developer";
				COPY_PHASE_STRIP = NO;
				DEBUG_INFORMATION_FORMAT = dwarf;
				ENABLE_STRICT_OBJC_MSGSEND = YES;
				ENABLE_TESTABILITY = YES;
				GCC_C_LANGUAGE_STANDARD = gnu11;
				GCC_DYNAMIC_NO_PIC = NO;
				GCC_NO_COMMON_BLOCKS = YES;
				GCC_OPTIMIZATION_LEVEL = 0;
				GCC_PREPROCESSOR_DEFINITIONS = (
					"DEBUG=1",
					"$(inherited)",
				);
				GCC_WARN_64_TO_32_BIT_CONVERSION = YES;
				GCC_WARN_ABOUT_RETURN_TYPE = YES_ERROR;
				GCC_WARN_UNDECLARED_SELECTOR = YES;
				GCC_WARN_UNINITIALIZED_AUTOS = YES_AGGRESSIVE;
				GCC_WARN_UNUSED_FUNCTION = YES;
				GCC_WARN_UNUSED_VARIABLE = YES;
				IPHONEOS_DEPLOYMENT_TARGET = 11.3;
				MTL_ENABLE_DEBUG_INFO = YES;
				ONLY_ACTIVE_ARCH = YES;
				SDKROOT = iphoneos;
				SWIFT_ACTIVE_COMPILATION_CONDITIONS = DEBUG;
				SWIFT_OPTIMIZATION_LEVEL = "-Onone";
			};
			name = Debug;
		};
		379D2CCF209D8D14003DBD08 /* Release */ = {
			isa = XCBuildConfiguration;
			buildSettings = {
				ALWAYS_SEARCH_USER_PATHS = NO;
				CLANG_ANALYZER_NONNULL = YES;
				CLANG_ANALYZER_NUMBER_OBJECT_CONVERSION = YES_AGGRESSIVE;
				CLANG_CXX_LANGUAGE_STANDARD = "gnu++14";
				CLANG_CXX_LIBRARY = "libc++";
				CLANG_ENABLE_MODULES = YES;
				CLANG_ENABLE_OBJC_ARC = YES;
				CLANG_ENABLE_OBJC_WEAK = YES;
				CLANG_WARN_BLOCK_CAPTURE_AUTORELEASING = YES;
				CLANG_WARN_BOOL_CONVERSION = YES;
				CLANG_WARN_COMMA = YES;
				CLANG_WARN_CONSTANT_CONVERSION = YES;
				CLANG_WARN_DEPRECATED_OBJC_IMPLEMENTATIONS = YES;
				CLANG_WARN_DIRECT_OBJC_ISA_USAGE = YES_ERROR;
				CLANG_WARN_DOCUMENTATION_COMMENTS = YES;
				CLANG_WARN_EMPTY_BODY = YES;
				CLANG_WARN_ENUM_CONVERSION = YES;
				CLANG_WARN_INFINITE_RECURSION = YES;
				CLANG_WARN_INT_CONVERSION = YES;
				CLANG_WARN_NON_LITERAL_NULL_CONVERSION = YES;
				CLANG_WARN_OBJC_IMPLICIT_RETAIN_SELF = YES;
				CLANG_WARN_OBJC_LITERAL_CONVERSION = YES;
				CLANG_WARN_OBJC_ROOT_CLASS = YES_ERROR;
				CLANG_WARN_RANGE_LOOP_ANALYSIS = YES;
				CLANG_WARN_STRICT_PROTOTYPES = YES;
				CLANG_WARN_SUSPICIOUS_MOVE = YES;
				CLANG_WARN_UNGUARDED_AVAILABILITY = YES_AGGRESSIVE;
				CLANG_WARN_UNREACHABLE_CODE = YES;
				CLANG_WARN__DUPLICATE_METHOD_MATCH = YES;
				CODE_SIGN_IDENTITY = "iPhone Developer";
				COPY_PHASE_STRIP = NO;
				DEBUG_INFORMATION_FORMAT = "dwarf-with-dsym";
				ENABLE_NS_ASSERTIONS = NO;
				ENABLE_STRICT_OBJC_MSGSEND = YES;
				GCC_C_LANGUAGE_STANDARD = gnu11;
				GCC_NO_COMMON_BLOCKS = YES;
				GCC_WARN_64_TO_32_BIT_CONVERSION = YES;
				GCC_WARN_ABOUT_RETURN_TYPE = YES_ERROR;
				GCC_WARN_UNDECLARED_SELECTOR = YES;
				GCC_WARN_UNINITIALIZED_AUTOS = YES_AGGRESSIVE;
				GCC_WARN_UNUSED_FUNCTION = YES;
				GCC_WARN_UNUSED_VARIABLE = YES;
				IPHONEOS_DEPLOYMENT_TARGET = 11.3;
				MTL_ENABLE_DEBUG_INFO = NO;
				SDKROOT = iphoneos;
				SWIFT_COMPILATION_MODE = wholemodule;
				SWIFT_OPTIMIZATION_LEVEL = "-O";
				VALIDATE_PRODUCT = YES;
			};
			name = Release;
		};
		379D2CD1209D8D14003DBD08 /* Debug */ = {
			isa = XCBuildConfiguration;
			buildSettings = {
				ASSETCATALOG_COMPILER_APPICON_NAME = AppIcon;
				CODE_SIGN_STYLE = Automatic;
				DEVELOPMENT_TEAM = 4PR4N2FLE7;
				INFOPLIST_FILE = "Memesgram/Application Layer/Info.plist";
				IPHONEOS_DEPLOYMENT_TARGET = 11.0;
				LD_RUNPATH_SEARCH_PATHS = (
					"$(inherited)",
					"@executable_path/Frameworks",
				);
				PRODUCT_BUNDLE_IDENTIFIER = com.igorsavynskyi.Memesgram;
				PRODUCT_NAME = "$(TARGET_NAME)";
				SWIFT_VERSION = 4.0;
				TARGETED_DEVICE_FAMILY = "1,2";
			};
			name = Debug;
		};
		379D2CD2209D8D14003DBD08 /* Release */ = {
			isa = XCBuildConfiguration;
			buildSettings = {
				ASSETCATALOG_COMPILER_APPICON_NAME = AppIcon;
				CODE_SIGN_STYLE = Automatic;
				DEVELOPMENT_TEAM = 4PR4N2FLE7;
				INFOPLIST_FILE = "Memesgram/Application Layer/Info.plist";
				IPHONEOS_DEPLOYMENT_TARGET = 11.0;
				LD_RUNPATH_SEARCH_PATHS = (
					"$(inherited)",
					"@executable_path/Frameworks",
				);
				PRODUCT_BUNDLE_IDENTIFIER = com.igorsavynskyi.Memesgram;
				PRODUCT_NAME = "$(TARGET_NAME)";
				SWIFT_VERSION = 4.0;
				TARGETED_DEVICE_FAMILY = "1,2";
			};
			name = Release;
		};
/* End XCBuildConfiguration section */

/* Begin XCConfigurationList section */
		379D2CB9209D8D13003DBD08 /* Build configuration list for PBXProject "Memesgram" */ = {
			isa = XCConfigurationList;
			buildConfigurations = (
				379D2CCE209D8D14003DBD08 /* Debug */,
				379D2CCF209D8D14003DBD08 /* Release */,
			);
			defaultConfigurationIsVisible = 0;
			defaultConfigurationName = Release;
		};
		379D2CD0209D8D14003DBD08 /* Build configuration list for PBXNativeTarget "Memesgram" */ = {
			isa = XCConfigurationList;
			buildConfigurations = (
				379D2CD1209D8D14003DBD08 /* Debug */,
				379D2CD2209D8D14003DBD08 /* Release */,
			);
			defaultConfigurationIsVisible = 0;
			defaultConfigurationName = Release;
		};
/* End XCConfigurationList section */
	};
	rootObject = 379D2CB6209D8D13003DBD08 /* Project object */;
}
