// !$*UTF8*$!
{
	archiveVersion = 1;
	classes = {
	};
	objectVersion = 50;
	objects = {

/* Begin PBXBuildFile section */
		379D2CC2209D8D13003DBD08 /* AppDelegate.swift in Sources */ = {isa = PBXBuildFile; fileRef = 379D2CC1209D8D13003DBD08 /* AppDelegate.swift */; };
		379D2CC4209D8D13003DBD08 /* FeedViewController.swift in Sources */ = {isa = PBXBuildFile; fileRef = 379D2CC3209D8D13003DBD08 /* FeedViewController.swift */; };
		379D2CC7209D8D13003DBD08 /* Main.storyboard in Resources */ = {isa = PBXBuildFile; fileRef = 379D2CC5209D8D13003DBD08 /* Main.storyboard */; };
		379D2CC9209D8D14003DBD08 /* Assets.xcassets in Resources */ = {isa = PBXBuildFile; fileRef = 379D2CC8209D8D14003DBD08 /* Assets.xcassets */; };
		379D2CCC209D8D14003DBD08 /* LaunchScreen.storyboard in Resources */ = {isa = PBXBuildFile; fileRef = 379D2CCA209D8D14003DBD08 /* LaunchScreen.storyboard */; };
/* End PBXBuildFile section */

/* Begin PBXFileReference section */
		379D2CBE209D8D13003DBD08 /* Memesgram.app */ = {isa = PBXFileReference; explicitFileType = wrapper.application; includeInIndex = 0; path = Memesgram.app; sourceTree = BUILT_PRODUCTS_DIR; };
		379D2CC1209D8D13003DBD08 /* AppDelegate.swift */ = {isa = PBXFileReference; lastKnownFileType = sourcecode.swift; path = AppDelegate.swift; sourceTree = "<group>"; };
		379D2CC3209D8D13003DBD08 /* FeedViewController.swift */ = {isa = PBXFileReference; lastKnownFileType = sourcecode.swift; path = FeedViewController.swift; sourceTree = "<group>"; };
		379D2CC6209D8D13003DBD08 /* Base */ = {isa = PBXFileReference; lastKnownFileType = file.storyboard; name = Base; path = Base.lproj/Main.storyboard; sourceTree = "<group>"; };
		379D2CC8209D8D14003DBD08 /* Assets.xcassets */ = {isa = PBXFileReference; lastKnownFileType = folder.assetcatalog; path = Assets.xcassets; sourceTree = "<group>"; };
		379D2CCB209D8D14003DBD08 /* Base */ = {isa = PBXFileReference; lastKnownFileType = file.storyboard; name = Base; path = Base.lproj/LaunchScreen.storyboard; sourceTree = "<group>"; };
		379D2CCD209D8D14003DBD08 /* Info.plist */ = {isa = PBXFileReference; lastKnownFileType = text.plist.xml; path = Info.plist; sourceTree = "<group>"; };
/* End PBXFileReference section */

/* Begin PBXFrameworksBuildPhase section */
		379D2CBB209D8D13003DBD08 /* Frameworks */ = {
			isa = PBXFrameworksBuildPhase;
			buildActionMask = 2147483647;
			files = (
			);
			runOnlyForDeploymentPostprocessing = 0;
		};
/* End PBXFrameworksBuildPhase section */

/* Begin PBXGroup section */
		379D2CB5209D8D13003DBD08 = {
			isa = PBXGroup;
			children = (
				379D2CC0209D8D13003DBD08 /* Memesgram */,
				379D2CBF209D8D13003DBD08 /* Products */,
			);
			sourceTree = "<group>";
		};
		379D2CBF209D8D13003DBD08 /* Products */ = {
			isa = PBXGroup;
			children = (
				379D2CBE209D8D13003DBD08 /* Memesgram.app */,
			);
			name = Products;
			sourceTree = "<group>";
		};
		379D2CC0209D8D13003DBD08 /* Memesgram */ = {
			isa = PBXGroup;
			children = (
				379D2CD3209D8F72003DBD08 /* Resources */,
				379D2CD5209D8F87003DBD08 /* Application Layer */,
				379D2CD6209D8FBB003DBD08 /* Presentation Layer */,
				379D2CD7209D8FD2003DBD08 /* Core Layer */,
			);
			path = Memesgram;
			sourceTree = "<group>";
		};
		379D2CD3209D8F72003DBD08 /* Resources */ = {
			isa = PBXGroup;
			children = (
				379D2CC8209D8D14003DBD08 /* Assets.xcassets */,
			);
			path = Resources;
			sourceTree = "<group>";
		};
		379D2CD5209D8F87003DBD08 /* Application Layer */ = {
			isa = PBXGroup;
			children = (
				379D2CC1209D8D13003DBD08 /* AppDelegate.swift */,
				379D2CCD209D8D14003DBD08 /* Info.plist */,
			);
			path = "Application Layer";
			sourceTree = "<group>";
		};
		379D2CD6209D8FBB003DBD08 /* Presentation Layer */ = {
			isa = PBXGroup;
			children = (
				379D2CD8209D8FF2003DBD08 /* FeedModule */,
				379D2CDB209D9069003DBD08 /* Storyboards */,
			);
			path = "Presentation Layer";
			sourceTree = "<group>";
		};
		379D2CD7209D8FD2003DBD08 /* Core Layer */ = {
			isa = PBXGroup;
			children = (
			);
			path = "Core Layer";
			sourceTree = "<group>";
		};
		379D2CD8209D8FF2003DBD08 /* FeedModule */ = {
			isa = PBXGroup;
			children = (
				379D2CD9209D9002003DBD08 /* View */,
				379D2CDA209D9007003DBD08 /* Presenter */,
			);
			path = FeedModule;
			sourceTree = "<group>";
		};
		379D2CD9209D9002003DBD08 /* View */ = {
			isa = PBXGroup;
			children = (
				379D2CC3209D8D13003DBD08 /* FeedViewController.swift */,
			);
			path = View;
			sourceTree = "<group>";
		};
		379D2CDA209D9007003DBD08 /* Presenter */ = {
			isa = PBXGroup;
			children = (
			);
			path = Presenter;
			sourceTree = "<group>";
		};
		379D2CDB209D9069003DBD08 /* Storyboards */ = {
			isa = PBXGroup;
			children = (
				379D2CC5209D8D13003DBD08 /* Main.storyboard */,
				379D2CCA209D8D14003DBD08 /* LaunchScreen.storyboard */,
			);
			path = Storyboards;
			sourceTree = "<group>";
		};
/* End PBXGroup section */

/* Begin PBXNativeTarget section */
		379D2CBD209D8D13003DBD08 /* Memesgram */ = {
			isa = PBXNativeTarget;
			buildConfigurationList = 379D2CD0209D8D14003DBD08 /* Build configuration list for PBXNativeTarget "Memesgram" */;
			buildPhases = (
				379D2CBA209D8D13003DBD08 /* Sources */,
				379D2CBB209D8D13003DBD08 /* Frameworks */,
				379D2CBC209D8D13003DBD08 /* Resources */,
			);
			buildRules = (
			);
			dependencies = (
			);
			name = Memesgram;
			productName = Memesgram;
			productReference = 379D2CBE209D8D13003DBD08 /* Memesgram.app */;
			productType = "com.apple.product-type.application";
		};
/* End PBXNativeTarget section */

/* Begin PBXProject section */
		379D2CB6209D8D13003DBD08 /* Project object */ = {
			isa = PBXProject;
			attributes = {
				LastSwiftUpdateCheck = 0930;
				LastUpgradeCheck = 0930;
				ORGANIZATIONNAME = "Igor Savynskyi";
				TargetAttributes = {
					379D2CBD209D8D13003DBD08 = {
						CreatedOnToolsVersion = 9.3;
					};
				};
			};
			buildConfigurationList = 379D2CB9209D8D13003DBD08 /* Build configuration list for PBXProject "Memesgram" */;
			compatibilityVersion = "Xcode 9.3";
			developmentRegion = en;
			hasScannedForEncodings = 0;
			knownRegions = (
				en,
				Base,
			);
			mainGroup = 379D2CB5209D8D13003DBD08;
			productRefGroup = 379D2CBF209D8D13003DBD08 /* Products */;
			projectDirPath = "";
			projectRoot = "";
			targets = (
				379D2CBD209D8D13003DBD08 /* Memesgram */,
			);
		};
/* End PBXProject section */

/* Begin PBXResourcesBuildPhase section */
		379D2CBC209D8D13003DBD08 /* Resources */ = {
			isa = PBXResourcesBuildPhase;
			buildActionMask = 2147483647;
			files = (
				379D2CCC209D8D14003DBD08 /* LaunchScreen.storyboard in Resources */,
				379D2CC9209D8D14003DBD08 /* Assets.xcassets in Resources */,
				379D2CC7209D8D13003DBD08 /* Main.storyboard in Resources */,
			);
			runOnlyForDeploymentPostprocessing = 0;
		};
/* End PBXResourcesBuildPhase section */

/* Begin PBXSourcesBuildPhase section */
		379D2CBA209D8D13003DBD08 /* Sources */ = {
			isa = PBXSourcesBuildPhase;
			buildActionMask = 2147483647;
			files = (
				379D2CC4209D8D13003DBD08 /* FeedViewController.swift in Sources */,
				379D2CC2209D8D13003DBD08 /* AppDelegate.swift in Sources */,
			);
			runOnlyForDeploymentPostprocessing = 0;
		};
/* End PBXSourcesBuildPhase section */

/* Begin PBXVariantGroup section */
		379D2CC5209D8D13003DBD08 /* Main.storyboard */ = {
			isa = PBXVariantGroup;
			children = (
				379D2CC6209D8D13003DBD08 /* Base */,
			);
			name = Main.storyboard;
			sourceTree = "<group>";
		};
		379D2CCA209D8D14003DBD08 /* LaunchScreen.storyboard */ = {
			isa = PBXVariantGroup;
			children = (
				379D2CCB209D8D14003DBD08 /* Base */,
			);
			name = LaunchScreen.storyboard;
			sourceTree = "<group>";
		};
/* End PBXVariantGroup section */

/* Begin XCBuildConfiguration section */
		379D2CCE209D8D14003DBD08 /* Debug */ = {
			isa = XCBuildConfiguration;
			buildSettings = {
				ALWAYS_SEARCH_USER_PATHS = NO;
				CLANG_ANALYZER_NONNULL = YES;
				CLANG_ANALYZER_NUMBER_OBJECT_CONVERSION = YES_AGGRESSIVE;
				CLANG_CXX_LANGUAGE_STANDARD = "gnu++14";
				CLANG_CXX_LIBRARY = "libc++";
				CLANG_ENABLE_MODULES = YES;
				CLANG_ENABLE_OBJC_ARC = YES;
				CLANG_ENABLE_OBJC_WEAK = YES;
				CLANG_WARN_BLOCK_CAPTURE_AUTORELEASING = YES;
				CLANG_WARN_BOOL_CONVERSION = YES;
				CLANG_WARN_COMMA = YES;
				CLANG_WARN_CONSTANT_CONVERSION = YES;
				CLANG_WARN_DEPRECATED_OBJC_IMPLEMENTATIONS = YES;
				CLANG_WARN_DIRECT_OBJC_ISA_USAGE = YES_ERROR;
				CLANG_WARN_DOCUMENTATION_COMMENTS = YES;
				CLANG_WARN_EMPTY_BODY = YES;
				CLANG_WARN_ENUM_CONVERSION = YES;
				CLANG_WARN_INFINITE_RECURSION = YES;
				CLANG_WARN_INT_CONVERSION = YES;
				CLANG_WARN_NON_LITERAL_NULL_CONVERSION = YES;
				CLANG_WARN_OBJC_IMPLICIT_RETAIN_SELF = YES;
				CLANG_WARN_OBJC_LITERAL_CONVERSION = YES;
				CLANG_WARN_OBJC_ROOT_CLASS = YES_ERROR;
				CLANG_WARN_RANGE_LOOP_ANALYSIS = YES;
				CLANG_WARN_STRICT_PROTOTYPES = YES;
				CLANG_WARN_SUSPICIOUS_MOVE = YES;
				CLANG_WARN_UNGUARDED_AVAILABILITY = YES_AGGRESSIVE;
				CLANG_WARN_UNREACHABLE_CODE = YES;
				CLANG_WARN__DUPLICATE_METHOD_MATCH = YES;
				CODE_SIGN_IDENTITY = "iPhone Developer";
				COPY_PHASE_STRIP = NO;
				DEBUG_INFORMATION_FORMAT = dwarf;
				ENABLE_STRICT_OBJC_MSGSEND = YES;
				ENABLE_TESTABILITY = YES;
				GCC_C_LANGUAGE_STANDARD = gnu11;
				GCC_DYNAMIC_NO_PIC = NO;
				GCC_NO_COMMON_BLOCKS = YES;
				GCC_OPTIMIZATION_LEVEL = 0;
				GCC_PREPROCESSOR_DEFINITIONS = (
					"DEBUG=1",
					"$(inherited)",
				);
				GCC_WARN_64_TO_32_BIT_CONVERSION = YES;
				GCC_WARN_ABOUT_RETURN_TYPE = YES_ERROR;
				GCC_WARN_UNDECLARED_SELECTOR = YES;
				GCC_WARN_UNINITIALIZED_AUTOS = YES_AGGRESSIVE;
				GCC_WARN_UNUSED_FUNCTION = YES;
				GCC_WARN_UNUSED_VARIABLE = YES;
				IPHONEOS_DEPLOYMENT_TARGET = 11.3;
				MTL_ENABLE_DEBUG_INFO = YES;
				ONLY_ACTIVE_ARCH = YES;
				SDKROOT = iphoneos;
				SWIFT_ACTIVE_COMPILATION_CONDITIONS = DEBUG;
				SWIFT_OPTIMIZATION_LEVEL = "-Onone";
			};
			name = Debug;
		};
		379D2CCF209D8D14003DBD08 /* Release */ = {
			isa = XCBuildConfiguration;
			buildSettings = {
				ALWAYS_SEARCH_USER_PATHS = NO;
				CLANG_ANALYZER_NONNULL = YES;
				CLANG_ANALYZER_NUMBER_OBJECT_CONVERSION = YES_AGGRESSIVE;
				CLANG_CXX_LANGUAGE_STANDARD = "gnu++14";
				CLANG_CXX_LIBRARY = "libc++";
				CLANG_ENABLE_MODULES = YES;
				CLANG_ENABLE_OBJC_ARC = YES;
				CLANG_ENABLE_OBJC_WEAK = YES;
				CLANG_WARN_BLOCK_CAPTURE_AUTORELEASING = YES;
				CLANG_WARN_BOOL_CONVERSION = YES;
				CLANG_WARN_COMMA = YES;
				CLANG_WARN_CONSTANT_CONVERSION = YES;
				CLANG_WARN_DEPRECATED_OBJC_IMPLEMENTATIONS = YES;
				CLANG_WARN_DIRECT_OBJC_ISA_USAGE = YES_ERROR;
				CLANG_WARN_DOCUMENTATION_COMMENTS = YES;
				CLANG_WARN_EMPTY_BODY = YES;
				CLANG_WARN_ENUM_CONVERSION = YES;
				CLANG_WARN_INFINITE_RECURSION = YES;
				CLANG_WARN_INT_CONVERSION = YES;
				CLANG_WARN_NON_LITERAL_NULL_CONVERSION = YES;
				CLANG_WARN_OBJC_IMPLICIT_RETAIN_SELF = YES;
				CLANG_WARN_OBJC_LITERAL_CONVERSION = YES;
				CLANG_WARN_OBJC_ROOT_CLASS = YES_ERROR;
				CLANG_WARN_RANGE_LOOP_ANALYSIS = YES;
				CLANG_WARN_STRICT_PROTOTYPES = YES;
				CLANG_WARN_SUSPICIOUS_MOVE = YES;
				CLANG_WARN_UNGUARDED_AVAILABILITY = YES_AGGRESSIVE;
				CLANG_WARN_UNREACHABLE_CODE = YES;
				CLANG_WARN__DUPLICATE_METHOD_MATCH = YES;
				CODE_SIGN_IDENTITY = "iPhone Developer";
				COPY_PHASE_STRIP = NO;
				DEBUG_INFORMATION_FORMAT = "dwarf-with-dsym";
				ENABLE_NS_ASSERTIONS = NO;
				ENABLE_STRICT_OBJC_MSGSEND = YES;
				GCC_C_LANGUAGE_STANDARD = gnu11;
				GCC_NO_COMMON_BLOCKS = YES;
				GCC_WARN_64_TO_32_BIT_CONVERSION = YES;
				GCC_WARN_ABOUT_RETURN_TYPE = YES_ERROR;
				GCC_WARN_UNDECLARED_SELECTOR = YES;
				GCC_WARN_UNINITIALIZED_AUTOS = YES_AGGRESSIVE;
				GCC_WARN_UNUSED_FUNCTION = YES;
				GCC_WARN_UNUSED_VARIABLE = YES;
				IPHONEOS_DEPLOYMENT_TARGET = 11.3;
				MTL_ENABLE_DEBUG_INFO = NO;
				SDKROOT = iphoneos;
				SWIFT_COMPILATION_MODE = wholemodule;
				SWIFT_OPTIMIZATION_LEVEL = "-O";
				VALIDATE_PRODUCT = YES;
			};
			name = Release;
		};
		379D2CD1209D8D14003DBD08 /* Debug */ = {
			isa = XCBuildConfiguration;
			buildSettings = {
				ASSETCATALOG_COMPILER_APPICON_NAME = AppIcon;
				CODE_SIGN_STYLE = Automatic;
				DEVELOPMENT_TEAM = EAGAM5LW4V;
				INFOPLIST_FILE = "Memesgram/Application Layer/Info.plist";
				IPHONEOS_DEPLOYMENT_TARGET = 11.0;
				LD_RUNPATH_SEARCH_PATHS = (
					"$(inherited)",
					"@executable_path/Frameworks",
				);
				PRODUCT_BUNDLE_IDENTIFIER = com.igorsavynskyi.Memesgram;
				PRODUCT_NAME = "$(TARGET_NAME)";
				SWIFT_VERSION = 4.0;
				TARGETED_DEVICE_FAMILY = "1,2";
			};
			name = Debug;
		};
		379D2CD2209D8D14003DBD08 /* Release */ = {
			isa = XCBuildConfiguration;
			buildSettings = {
				ASSETCATALOG_COMPILER_APPICON_NAME = AppIcon;
				CODE_SIGN_STYLE = Automatic;
				DEVELOPMENT_TEAM = EAGAM5LW4V;
				INFOPLIST_FILE = "Memesgram/Application Layer/Info.plist";
				IPHONEOS_DEPLOYMENT_TARGET = 11.0;
				LD_RUNPATH_SEARCH_PATHS = (
					"$(inherited)",
					"@executable_path/Frameworks",
				);
				PRODUCT_BUNDLE_IDENTIFIER = com.igorsavynskyi.Memesgram;
				PRODUCT_NAME = "$(TARGET_NAME)";
				SWIFT_VERSION = 4.0;
				TARGETED_DEVICE_FAMILY = "1,2";
			};
			name = Release;
		};
/* End XCBuildConfiguration section */

/* Begin XCConfigurationList section */
		379D2CB9209D8D13003DBD08 /* Build configuration list for PBXProject "Memesgram" */ = {
			isa = XCConfigurationList;
			buildConfigurations = (
				379D2CCE209D8D14003DBD08 /* Debug */,
				379D2CCF209D8D14003DBD08 /* Release */,
			);
			defaultConfigurationIsVisible = 0;
			defaultConfigurationName = Release;
		};
		379D2CD0209D8D14003DBD08 /* Build configuration list for PBXNativeTarget "Memesgram" */ = {
			isa = XCConfigurationList;
			buildConfigurations = (
				379D2CD1209D8D14003DBD08 /* Debug */,
				379D2CD2209D8D14003DBD08 /* Release */,
			);
			defaultConfigurationIsVisible = 0;
			defaultConfigurationName = Release;
		};
/* End XCConfigurationList section */
	};
	rootObject = 379D2CB6209D8D13003DBD08 /* Project object */;
}
